
Microsoft Visual Studio Solution File, Format Version 12.00
# Visual Studio Version 17
VisualStudioVersion = 17.11.35327.3
MinimumVisualStudioVersion = 10.0.40219.1
Project("{9A19103F-16F7-4668-BE54-9A1E7A4F7556}") = "DataStruct.Tests", "DataStruct.Tests\DataStruct.Tests.csproj", "{6B94BDE8-1F95-4428-87D6-3B37969EBB87}"
EndProject
Project("{9A19103F-16F7-4668-BE54-9A1E7A4F7556}") = "DataStruct.Lib", "DataStruct.Lib\DataStruct.Lib.csproj", "{7EB50596-E871-4F35-A9C0-7D4025FA6947}"
EndProject
Project("{FAE04EC0-301F-11D3-BF4B-00C04F79EFBC}") = "DataStruct.Abstractions", "DataStruct.Abstractions\DataStruct.Abstractions.csproj", "{D720CD11-BAE3-4F45-AE0F-70181C5BA2E0}"
EndProject
Global
	GlobalSection(SolutionConfigurationPlatforms) = preSolution
		Debug|Any CPU = Debug|Any CPU
		Release|Any CPU = Release|Any CPU
	EndGlobalSection
	GlobalSection(ProjectConfigurationPlatforms) = postSolution
		{6B94BDE8-1F95-4428-87D6-3B37969EBB87}.Debug|Any CPU.ActiveCfg = Debug|Any CPU
		{6B94BDE8-1F95-4428-87D6-3B37969EBB87}.Debug|Any CPU.Build.0 = Debug|Any CPU
		{6B94BDE8-1F95-4428-87D6-3B37969EBB87}.Release|Any CPU.ActiveCfg = Release|Any CPU
		{6B94BDE8-1F95-4428-87D6-3B37969EBB87}.Release|Any CPU.Build.0 = Release|Any CPU
		{7EB50596-E871-4F35-A9C0-7D4025FA6947}.Debug|Any CPU.ActiveCfg = Debug|Any CPU
		{7EB50596-E871-4F35-A9C0-7D4025FA6947}.Debug|Any CPU.Build.0 = Debug|Any CPU
		{7EB50596-E871-4F35-A9C0-7D4025FA6947}.Release|Any CPU.ActiveCfg = Release|Any CPU
		{7EB50596-E871-4F35-A9C0-7D4025FA6947}.Release|Any CPU.Build.0 = Release|Any CPU
		{D720CD11-BAE3-4F45-AE0F-70181C5BA2E0}.Debug|Any CPU.ActiveCfg = Debug|Any CPU
		{D720CD11-BAE3-4F45-AE0F-70181C5BA2E0}.Debug|Any CPU.Build.0 = Debug|Any CPU
		{D720CD11-BAE3-4F45-AE0F-70181C5BA2E0}.Release|Any CPU.ActiveCfg = Release|Any CPU
		{D720CD11-BAE3-4F45-AE0F-70181C5BA2E0}.Release|Any CPU.Build.0 = Release|Any CPU
	EndGlobalSection
	GlobalSection(SolutionProperties) = preSolution
		HideSolutionNode = FALSE
	EndGlobalSection
	GlobalSection(ExtensibilityGlobals) = postSolution
		SolutionGuid = {2CC598A1-48DF-4FFA-94E4-C196DD213A0A}
	EndGlobalSection
EndGlobal
